<?xml version="1.0" encoding="utf-8"?>
<Project ToolsVersion="4.0" xmlns="http://schemas.microsoft.com/developer/msbuild/2003">
  <ItemGroup>
    <Filter Include="PMS">
      <UniqueIdentifier>{dfc7c584-99fc-4c4e-822c-e62ef47f26ac}</UniqueIdentifier>
    </Filter>
    <Filter Include="PMS\Parsing">
      <UniqueIdentifier>{766bae01-3443-4c23-a045-9970c0c2d516}</UniqueIdentifier>
    </Filter>
    <Filter Include="Res">
      <UniqueIdentifier>{cecd7065-3dd8-405c-8b3f-9853a6ed4640}</UniqueIdentifier>
    </Filter>
    <Filter Include="PMS\Runtime">
      <UniqueIdentifier>{ecfed195-6d2a-4ee9-9a5a-984f7d2a3721}</UniqueIdentifier>
    </Filter>
    <Filter Include="PMS\Parsing\Expressions">
      <UniqueIdentifier>{d07ec549-f21b-494a-8b4f-68374519e217}</UniqueIdentifier>
    </Filter>
  </ItemGroup>
  <ItemGroup>
    <ClCompile Include="Splitter.cpp">
      <Filter>PMS\Parsing</Filter>
    </ClCompile>
    <ClCompile Include="Run.cpp">
      <Filter>PMS</Filter>
    </ClCompile>
    <ClCompile Include="Instance.cpp">
      <Filter>PMS\Runtime</Filter>
    </ClCompile>
    <ClCompile Include="Function.cpp">
      <Filter>PMS\Runtime</Filter>
    </ClCompile>
    <ClCompile Include="TokenIndexer.cpp">
      <Filter>PMS\Parsing</Filter>
    </ClCompile>
    <ClCompile Include="AccessExpression.cpp">
      <Filter>PMS\Parsing\Expressions</Filter>
    </ClCompile>
    <ClCompile Include="AddExpression.cpp">
      <Filter>PMS\Parsing\Expressions</Filter>
    </ClCompile>
    <ClCompile Include="AmountExpression.cpp">
      <Filter>PMS\Parsing\Expressions</Filter>
    </ClCompile>
    <ClCompile Include="AndBitExpression.cpp">
      <Filter>PMS\Parsing\Expressions</Filter>
    </ClCompile>
    <ClCompile Include="AndExpression.cpp">
      <Filter>PMS\Parsing\Expressions</Filter>
    </ClCompile>
    <ClCompile Include="AssignExpression.cpp">
      <Filter>PMS\Parsing\Expressions</Filter>
    </ClCompile>
    <ClCompile Include="BackCreaseExpression.cpp">
      <Filter>PMS\Parsing\Expressions</Filter>
    </ClCompile>
    <ClCompile Include="BracketExpression.cpp">
      <Filter>PMS\Parsing\Expressions</Filter>
    </ClCompile>
    <ClCompile Include="CallExpression.cpp">
      <Filter>PMS\Parsing\Expressions</Filter>
    </ClCompile>
    <ClCompile Include="CastExpression.cpp">
      <Filter>PMS\Parsing\Expressions</Filter>
    </ClCompile>
    <ClCompile Include="CommaExpression.cpp">
      <Filter>PMS\Parsing\Expressions</Filter>
    </ClCompile>
    <ClCompile Include="CompareExpression.cpp">
      <Filter>PMS\Parsing\Expressions</Filter>
    </ClCompile>
    <ClCompile Include="ConstantExpression.cpp">
      <Filter>PMS\Parsing\Expressions</Filter>
    </ClCompile>
    <ClCompile Include="Expression.cpp">
      <Filter>PMS\Parsing\Expressions</Filter>
    </ClCompile>
    <ClCompile Include="FrontCreaseExpression.cpp">
      <Filter>PMS\Parsing\Expressions</Filter>
    </ClCompile>
    <ClCompile Include="FrontExpression.cpp">
      <Filter>PMS\Parsing\Expressions</Filter>
    </ClCompile>
    <ClCompile Include="ListExpression.cpp">
      <Filter>PMS\Parsing\Expressions</Filter>
    </ClCompile>
    <ClCompile Include="MulExpression.cpp">
      <Filter>PMS\Parsing\Expressions</Filter>
    </ClCompile>
    <ClCompile Include="NotExpression.cpp">
      <Filter>PMS\Parsing\Expressions</Filter>
    </ClCompile>
    <ClCompile Include="OrBitExpression.cpp">
      <Filter>PMS\Parsing\Expressions</Filter>
    </ClCompile>
    <ClCompile Include="OrExpression.cpp">
      <Filter>PMS\Parsing\Expressions</Filter>
    </ClCompile>
    <ClCompile Include="PowerExpression.cpp">
      <Filter>PMS\Parsing\Expressions</Filter>
    </ClCompile>
    <ClCompile Include="RangeExpression.cpp">
      <Filter>PMS\Parsing\Expressions</Filter>
    </ClCompile>
    <ClCompile Include="ReferenceExpression.cpp">
      <Filter>PMS\Parsing\Expressions</Filter>
    </ClCompile>
    <ClCompile Include="ShiftExpression.cpp">
      <Filter>PMS\Parsing\Expressions</Filter>
    </ClCompile>
    <ClCompile Include="SignExpression.cpp">
      <Filter>PMS\Parsing\Expressions</Filter>
    </ClCompile>
    <ClCompile Include="ValueExpression.cpp">
      <Filter>PMS\Parsing\Expressions</Filter>
    </ClCompile>
    <ClCompile Include="XorBitExpression.cpp">
      <Filter>PMS\Parsing\Expressions</Filter>
    </ClCompile>
    <ClCompile Include="Module.cpp">
      <Filter>PMS\Runtime</Filter>
    </ClCompile>
    <ClCompile Include="Directive.cpp">
      <Filter>PMS\Parsing\Expressions</Filter>
    </ClCompile>
    <ClCompile Include="ConstantDirective.cpp">
      <Filter>PMS\Parsing\Expressions</Filter>
    </ClCompile>
  </ItemGroup>
  <ItemGroup>
    <ClInclude Include="Splitter.h">
      <Filter>PMS\Parsing</Filter>
    </ClInclude>
    <ClInclude Include="Instance.h">
      <Filter>PMS\Runtime</Filter>
    </ClInclude>
    <ClInclude Include="Executable.h">
      <Filter>PMS\Runtime</Filter>
    </ClInclude>
    <ClInclude Include="Function.h">
      <Filter>PMS\Runtime</Filter>
    </ClInclude>
    <ClInclude Include="TokenIndexer.h">
      <Filter>PMS\Parsing</Filter>
    </ClInclude>
    <ClInclude Include="AccessExpression.h">
      <Filter>PMS\Parsing\Expressions</Filter>
    </ClInclude>
    <ClInclude Include="AddExpression.h">
      <Filter>PMS\Parsing\Expressions</Filter>
    </ClInclude>
    <ClInclude Include="AmountExpression.h">
      <Filter>PMS\Parsing\Expressions</Filter>
    </ClInclude>
    <ClInclude Include="AndBitExpression.h">
      <Filter>PMS\Parsing\Expressions</Filter>
    </ClInclude>
    <ClInclude Include="AndExpression.h">
      <Filter>PMS\Parsing\Expressions</Filter>
    </ClInclude>
    <ClInclude Include="AssignExpression.h">
      <Filter>PMS\Parsing\Expressions</Filter>
    </ClInclude>
    <ClInclude Include="BackCreaseExpression.h">
      <Filter>PMS\Parsing\Expressions</Filter>
    </ClInclude>
    <ClInclude Include="BracketExpression.h">
      <Filter>PMS\Parsing\Expressions</Filter>
    </ClInclude>
    <ClInclude Include="CallExpression.h">
      <Filter>PMS\Parsing\Expressions</Filter>
    </ClInclude>
    <ClInclude Include="CastExpression.h">
      <Filter>PMS\Parsing\Expressions</Filter>
    </ClInclude>
    <ClInclude Include="CommaExpression.h">
      <Filter>PMS\Parsing\Expressions</Filter>
    </ClInclude>
    <ClInclude Include="CompareExpression.h">
      <Filter>PMS\Parsing\Expressions</Filter>
    </ClInclude>
    <ClInclude Include="ConstantExpression.h">
      <Filter>PMS\Parsing\Expressions</Filter>
    </ClInclude>
    <ClInclude Include="Expression.h">
      <Filter>PMS\Parsing\Expressions</Filter>
    </ClInclude>
    <ClInclude Include="FrontCreaseExpression.h">
      <Filter>PMS\Parsing\Expressions</Filter>
    </ClInclude>
    <ClInclude Include="FrontExpression.h">
      <Filter>PMS\Parsing\Expressions</Filter>
    </ClInclude>
    <ClInclude Include="ListExpression.h">
      <Filter>PMS\Parsing\Expressions</Filter>
    </ClInclude>
    <ClInclude Include="MulExpression.h">
      <Filter>PMS\Parsing\Expressions</Filter>
    </ClInclude>
    <ClInclude Include="NotExpression.h">
      <Filter>PMS\Parsing\Expressions</Filter>
    </ClInclude>
    <ClInclude Include="OrBitExpression.h">
      <Filter>PMS\Parsing\Expressions</Filter>
    </ClInclude>
    <ClInclude Include="OrExpression.h">
      <Filter>PMS\Parsing\Expressions</Filter>
    </ClInclude>
    <ClInclude Include="PowerExpression.h">
      <Filter>PMS\Parsing\Expressions</Filter>
    </ClInclude>
    <ClInclude Include="RangeExpression.h">
      <Filter>PMS\Parsing\Expressions</Filter>
    </ClInclude>
    <ClInclude Include="ReferenceExpression.h">
      <Filter>PMS\Parsing\Expressions</Filter>
    </ClInclude>
    <ClInclude Include="ShiftExpression.h">
      <Filter>PMS\Parsing\Expressions</Filter>
    </ClInclude>
    <ClInclude Include="SignExpression.h">
      <Filter>PMS\Parsing\Expressions</Filter>
    </ClInclude>
    <ClInclude Include="ValueExpression.h">
      <Filter>PMS\Parsing\Expressions</Filter>
    </ClInclude>
    <ClInclude Include="XorBitExpression.h">
      <Filter>PMS\Parsing\Expressions</Filter>
    </ClInclude>
    <ClInclude Include="Module.h">
      <Filter>PMS\Runtime</Filter>
    </ClInclude>
    <ClInclude Include="Directive.h">
      <Filter>PMS\Parsing\Expressions</Filter>
    </ClInclude>
    <ClInclude Include="ConstantDirective.h">
      <Filter>PMS\Parsing\Expressions</Filter>
    </ClInclude>
  </ItemGroup>
  <ItemGroup>
    <None Include="test.pms">
      <Filter>Res</Filter>
    </None>
  </ItemGroup>
  <ItemGroup>
    <Text Include="PMS_STRUCTURE_EBNF.txt">
      <Filter>Res</Filter>
    </Text>
    <Text Include="TODO.txt">
      <Filter>Res</Filter>
    </Text>
  </ItemGroup>
</Project>